{
  "name": "kurimudb-zero-config",
  "version": "3.0.3",
  "lockfileVersion": 1,
  "requires": true,
  "dependencies": {
    "dexie": {
      "version": "3.0.3",
      "resolved": "https://registry.npmjs.org/dexie/-/dexie-3.0.3.tgz",
      "integrity": "sha512-BSFhGpngnCl1DOr+8YNwBDobRMH0ziJs2vts69VilwetHYOtEDcLqo7d/XiIphM0tJZ2rPPyAGd31lgH2Ln3nw=="
    },
    "kurimudb": {
      "version": "3.1.1",
      "resolved": "https://registry.npmjs.org/kurimudb/-/kurimudb-3.1.1.tgz",
      "integrity": "sha512-iarAH9nsgQJl4l2661XW3qDPRl0OeAhg/o6zxfgVbvg1dU3uc6oH0ja/nhQxE5I8IiluLjrKlgJCbJofFZEVrA=="
    },
    "kurimudb-driver-cookie": {
      "version": "3.0.1",
      "resolved": "https://registry.npmjs.org/kurimudb-driver-cookie/-/kurimudb-driver-cookie-3.0.1.tgz",
      "integrity": "sha512-7LePewp4gjmeDmgiOgBxTfDhla+CTlEkfM6/JkHa4cwn0M5gSVsuDSojoJgnj6U6Xb1Bp57kw0ooBvLORmznjQ=="
    },
    "kurimudb-driver-dexie": {
      "version": "3.0.1",
      "resolved": "https://registry.npmjs.org/kurimudb-driver-dexie/-/kurimudb-driver-dexie-3.0.1.tgz",
      "integrity": "sha512-3J9M+9wpQfRMtsi5D98I3ncMnMxGLqi/j2o58VduTJxtErzYA/WpyTUwxFD3OAQPbNj1shtN7Ubwy+N6zCdBtg=="
    },
    "kurimudb-driver-localstorage": {
      "version": "3.0.1",
      "resolved": "https://registry.npmjs.org/kurimudb-driver-localstorage/-/kurimudb-driver-localstorage-3.0.1.tgz",
      "integrity": "sha512-LkWJ6eQ6R/2JObyd4+cTX0b7X+9fGylTiSTeFnS5Xl22ML/J53kOZlUg5ciuzmHbTzMxrhlIVljlsUFG6lI8+Q=="
    },
    "typescript": {
      "version": "4.2.4",
      "resolved": "https://registry.npmjs.org/typescript/-/typescript-4.2.4.tgz",
      "integrity": "sha512-V+evlYHZnQkaz8TRBuxTA92yZBPotr5H+WhQ7bD3hZUndx5tGOa1fuCgeSjxAzM1RiN5IzvadIXTVefuuwZCRg==",
      "dev": true
    }
  }
}
