{
  "name": "kurimudb-driver-dexie",
  "version": "5.0.0-alpha.0",
  "lockfileVersion": 2,
  "requires": true,
  "packages": {
    "": {
      "name": "kurimudb-driver-dexie",
      "version": "5.0.0-alpha.0",
      "license": "MIT",
      "devDependencies": {
        "dexie": "*"
      },
      "peerDependencies": {
        "dexie": "*"
      }
    },
    "node_modules/dexie": {
      "version": "3.0.3",
      "resolved": "https://registry.npmjs.org/dexie/-/dexie-3.0.3.tgz",
      "integrity": "sha512-BSFhGpngnCl1DOr+8YNwBDobRMH0ziJs2vts69VilwetHYOtEDcLqo7d/XiIphM0tJZ2rPPyAGd31lgH2Ln3nw==",
      "dev": true,
      "engines": {
        "node": ">=6.0"
      }
    }
  },
  "dependencies": {
    "dexie": {
      "version": "3.0.3",
      "resolved": "https://registry.npmjs.org/dexie/-/dexie-3.0.3.tgz",
      "integrity": "sha512-BSFhGpngnCl1DOr+8YNwBDobRMH0ziJs2vts69VilwetHYOtEDcLqo7d/XiIphM0tJZ2rPPyAGd31lgH2Ln3nw==",
      "dev": true
    }
  }
}
