{
  "name": "kurimudb-zero-config",
  "version": "5.0.0",
  "lockfileVersion": 2,
  "requires": true,
  "packages": {
    "": {
      "name": "kurimudb-zero-config",
      "version": "5.0.0",
      "license": "MIT",
      "dependencies": {
        "dexie": "^3.0.3",
        "kurimudb": "^5.0.2",
        "kurimudb-driver-cookie": "^5.0.1",
        "kurimudb-driver-dexie": "^5.0.1",
        "kurimudb-driver-localstorage": "^5.0.1"
      }
    },
    "node_modules/@types/js-cookie": {
      "version": "3.0.0",
      "resolved": "https://registry.npmjs.org/@types/js-cookie/-/js-cookie-3.0.0.tgz",
      "integrity": "sha512-GDVwSzwBm4OdQajFCit2UMxskZVcOhs/hYeOvzVW1R+iW6ZOVIBgD+RSrYCtPT0pNBnwNgRaoPPKfoXcwDo+hg=="
    },
    "node_modules/dexie": {
      "version": "3.0.3",
      "resolved": "https://registry.npmjs.org/dexie/-/dexie-3.0.3.tgz",
      "integrity": "sha512-BSFhGpngnCl1DOr+8YNwBDobRMH0ziJs2vts69VilwetHYOtEDcLqo7d/XiIphM0tJZ2rPPyAGd31lgH2Ln3nw==",
      "engines": {
        "node": ">=6.0"
      }
    },
    "node_modules/js-cookie": {
      "version": "3.0.1",
      "resolved": "https://registry.npmjs.org/js-cookie/-/js-cookie-3.0.1.tgz",
      "integrity": "sha512-+0rgsUXZu4ncpPxRL+lNEptWMOWl9etvPHc/koSRp6MPwpRYAhmk0dUG00J4bxVV3r9uUzfo24wW0knS07SKSw==",
      "engines": {
        "node": ">=12"
      }
    },
    "node_modules/kurimudb": {
      "version": "5.0.2",
      "resolved": "https://registry.npmjs.org/kurimudb/-/kurimudb-5.0.2.tgz",
      "integrity": "sha512-cL5mxyMNIlYMiiyqTaX7p/l4gLTmy+xtlZGsqZvVfRouTiwHM0VgNaomLnHrfcSPEBsBhpnpYsh4frJkmfRjhw=="
    },
    "node_modules/kurimudb-driver-cookie": {
      "version": "5.0.1",
      "resolved": "https://registry.npmjs.org/kurimudb-driver-cookie/-/kurimudb-driver-cookie-5.0.1.tgz",
      "integrity": "sha512-0mS1Q3brkZXneW2e6bM0lVcHI61R+05At0TThBSUbZoRnxiSArT6T8CIqVHrODKc1fbV41eeTAIEqd/WxKDsAA==",
      "dependencies": {
        "@types/js-cookie": "^3.0.0",
        "js-cookie": "^3.0.1"
      }
    },
    "node_modules/kurimudb-driver-dexie": {
      "version": "5.0.1",
      "resolved": "https://registry.npmjs.org/kurimudb-driver-dexie/-/kurimudb-driver-dexie-5.0.1.tgz",
      "integrity": "sha512-tAot0VFXtGiy+qPF1wROboVDLEA/Oh/0M02f7v5j+4E/iVBdW7xBdw3ev9lLJv3SlSRiirdLa75SuTmyX2RmtQ==",
      "peerDependencies": {
        "dexie": ">=3"
      }
    },
    "node_modules/kurimudb-driver-localstorage": {
      "version": "5.0.1",
      "resolved": "https://registry.npmjs.org/kurimudb-driver-localstorage/-/kurimudb-driver-localstorage-5.0.1.tgz",
      "integrity": "sha512-3xkFPigv3Wx/kofQxgsG0ceMl1DKHxmmL95oodkRVXChMZCEbLNJL2R5AB5zzT07nPcsXnQBh4qasel3Q0nPSg=="
    }
  },
  "dependencies": {
    "@types/js-cookie": {
      "version": "3.0.0",
      "resolved": "https://registry.npmjs.org/@types/js-cookie/-/js-cookie-3.0.0.tgz",
      "integrity": "sha512-GDVwSzwBm4OdQajFCit2UMxskZVcOhs/hYeOvzVW1R+iW6ZOVIBgD+RSrYCtPT0pNBnwNgRaoPPKfoXcwDo+hg=="
    },
    "dexie": {
      "version": "3.0.3",
      "resolved": "https://registry.npmjs.org/dexie/-/dexie-3.0.3.tgz",
      "integrity": "sha512-BSFhGpngnCl1DOr+8YNwBDobRMH0ziJs2vts69VilwetHYOtEDcLqo7d/XiIphM0tJZ2rPPyAGd31lgH2Ln3nw=="
    },
    "js-cookie": {
      "version": "3.0.1",
      "resolved": "https://registry.npmjs.org/js-cookie/-/js-cookie-3.0.1.tgz",
      "integrity": "sha512-+0rgsUXZu4ncpPxRL+lNEptWMOWl9etvPHc/koSRp6MPwpRYAhmk0dUG00J4bxVV3r9uUzfo24wW0knS07SKSw=="
    },
    "kurimudb": {
      "version": "5.0.2",
      "resolved": "https://registry.npmjs.org/kurimudb/-/kurimudb-5.0.2.tgz",
      "integrity": "sha512-cL5mxyMNIlYMiiyqTaX7p/l4gLTmy+xtlZGsqZvVfRouTiwHM0VgNaomLnHrfcSPEBsBhpnpYsh4frJkmfRjhw=="
    },
    "kurimudb-driver-cookie": {
      "version": "5.0.1",
      "resolved": "https://registry.npmjs.org/kurimudb-driver-cookie/-/kurimudb-driver-cookie-5.0.1.tgz",
      "integrity": "sha512-0mS1Q3brkZXneW2e6bM0lVcHI61R+05At0TThBSUbZoRnxiSArT6T8CIqVHrODKc1fbV41eeTAIEqd/WxKDsAA==",
      "requires": {
        "@types/js-cookie": "^3.0.0",
        "js-cookie": "^3.0.1"
      }
    },
    "kurimudb-driver-dexie": {
      "version": "5.0.1",
      "resolved": "https://registry.npmjs.org/kurimudb-driver-dexie/-/kurimudb-driver-dexie-5.0.1.tgz",
      "integrity": "sha512-tAot0VFXtGiy+qPF1wROboVDLEA/Oh/0M02f7v5j+4E/iVBdW7xBdw3ev9lLJv3SlSRiirdLa75SuTmyX2RmtQ==",
      "requires": {}
    },
    "kurimudb-driver-localstorage": {
      "version": "5.0.1",
      "resolved": "https://registry.npmjs.org/kurimudb-driver-localstorage/-/kurimudb-driver-localstorage-5.0.1.tgz",
      "integrity": "sha512-3xkFPigv3Wx/kofQxgsG0ceMl1DKHxmmL95oodkRVXChMZCEbLNJL2R5AB5zzT07nPcsXnQBh4qasel3Q0nPSg=="
    }
  }
}
