{
  "name": "kurimudb-zero-config",
  "version": "4.0.0",
  "lockfileVersion": 1,
  "requires": true,
  "dependencies": {
    "dexie": {
      "version": "3.0.3",
      "resolved": "https://registry.npmjs.org/dexie/-/dexie-3.0.3.tgz",
      "integrity": "sha512-BSFhGpngnCl1DOr+8YNwBDobRMH0ziJs2vts69VilwetHYOtEDcLqo7d/XiIphM0tJZ2rPPyAGd31lgH2Ln3nw=="
    },
    "kurimudb": {
      "version": "4.0.1",
      "resolved": "https://registry.npmjs.org/kurimudb/-/kurimudb-4.0.1.tgz",
      "integrity": "sha512-J1zw3EeQB0fjV4C8ZZbwZnEuGhSFiF5lB8LB7lv0cTXvf4ccpMs1PFEimMkIbcVowut74sggmcfFzD+E5KBSqQ=="
    },
    "kurimudb-driver-cookie": {
      "version": "4.0.0",
      "resolved": "https://registry.npmjs.org/kurimudb-driver-cookie/-/kurimudb-driver-cookie-4.0.0.tgz",
      "integrity": "sha512-7piSA0q5ah706kJsNGH2Me65dU0NQTPMaJJ+xD77xQlnp++Xl4qsEH1dxAEKtVv5GXQqSv+EMZmoB65sl+ViHA=="
    },
    "kurimudb-driver-dexie": {
      "version": "4.0.0",
      "resolved": "https://registry.npmjs.org/kurimudb-driver-dexie/-/kurimudb-driver-dexie-4.0.0.tgz",
      "integrity": "sha512-Eph68CxI9h68HWX9nJL2CAFxPod5U6NxR+PmY77aUHyUcvlDNi8SFsU7Lr5MktZ9U9Y2vmKsWEnY765xryYlNA=="
    },
    "kurimudb-driver-localstorage": {
      "version": "4.0.0",
      "resolved": "https://registry.npmjs.org/kurimudb-driver-localstorage/-/kurimudb-driver-localstorage-4.0.0.tgz",
      "integrity": "sha512-g2kdIgHPn+9yrXddsksK54s+GkMnCo2J5XcqrcVuOKRLK1mZA93kZRnSqQDumnp0uaovpn62fDlbVnB4abAr2Q=="
    },
    "typescript": {
      "version": "4.2.4",
      "resolved": "https://registry.npmjs.org/typescript/-/typescript-4.2.4.tgz",
      "integrity": "sha512-V+evlYHZnQkaz8TRBuxTA92yZBPotr5H+WhQ7bD3hZUndx5tGOa1fuCgeSjxAzM1RiN5IzvadIXTVefuuwZCRg==",
      "dev": true
    }
  }
}
